// !$*UTF8*$!
{
	archiveVersion = 1;
	classes = {
	};
	objectVersion = 50;
	objects = {

/* Begin PBXBuildFile section */
		21D9AE3025249C85009D00F0 /* AppDelegate.swift in Sources */ = {isa = PBXBuildFile; fileRef = 21D9AE2F25249C85009D00F0 /* AppDelegate.swift */; };
		21D9AE3225249C85009D00F0 /* SceneDelegate.swift in Sources */ = {isa = PBXBuildFile; fileRef = 21D9AE3125249C85009D00F0 /* SceneDelegate.swift */; };
		21D9AE3725249C85009D00F0 /* Main.storyboard in Resources */ = {isa = PBXBuildFile; fileRef = 21D9AE3525249C85009D00F0 /* Main.storyboard */; };
		21D9AE3925249C86009D00F0 /* Assets.xcassets in Resources */ = {isa = PBXBuildFile; fileRef = 21D9AE3825249C86009D00F0 /* Assets.xcassets */; };
		21D9AE3C25249C86009D00F0 /* LaunchScreen.storyboard in Resources */ = {isa = PBXBuildFile; fileRef = 21D9AE3A25249C86009D00F0 /* LaunchScreen.storyboard */; };
		21D9AE4725249C86009D00F0 /* MovieListAppTests.swift in Sources */ = {isa = PBXBuildFile; fileRef = 21D9AE4625249C86009D00F0 /* MovieListAppTests.swift */; };
		21D9AE5225249C86009D00F0 /* MovieListAppUITests.swift in Sources */ = {isa = PBXBuildFile; fileRef = 21D9AE5125249C86009D00F0 /* MovieListAppUITests.swift */; };
		21D9AE6925249D75009D00F0 /* CollectionViewController.swift in Sources */ = {isa = PBXBuildFile; fileRef = 21D9AE6825249D75009D00F0 /* CollectionViewController.swift */; };
		21D9AE7125249D7E009D00F0 /* TableViewController.swift in Sources */ = {isa = PBXBuildFile; fileRef = 21D9AE7025249D7E009D00F0 /* TableViewController.swift */; };
		21D9AE7725249D91009D00F0 /* CollectionViewCell.swift in Sources */ = {isa = PBXBuildFile; fileRef = 21D9AE7525249D91009D00F0 /* CollectionViewCell.swift */; };
		21D9AE7825249D91009D00F0 /* CollectionViewCell.xib in Resources */ = {isa = PBXBuildFile; fileRef = 21D9AE7625249D91009D00F0 /* CollectionViewCell.xib */; };
		21D9AE7E25249D9F009D00F0 /* TableViewCell.swift in Sources */ = {isa = PBXBuildFile; fileRef = 21D9AE7C25249D9F009D00F0 /* TableViewCell.swift */; };
		21D9AE7F25249D9F009D00F0 /* TableViewCell.xib in Resources */ = {isa = PBXBuildFile; fileRef = 21D9AE7D25249D9F009D00F0 /* TableViewCell.xib */; };
		21D9AE8525249E4B009D00F0 /* MovieInfo.swift in Sources */ = {isa = PBXBuildFile; fileRef = 21D9AE8425249E4B009D00F0 /* MovieInfo.swift */; };
		21D9AE8A25249E62009D00F0 /* MovieData.swift in Sources */ = {isa = PBXBuildFile; fileRef = 21D9AE8925249E62009D00F0 /* MovieData.swift */; };
		21D9AE8F25249E7E009D00F0 /* APIService.swift in Sources */ = {isa = PBXBuildFile; fileRef = 21D9AE8E25249E7E009D00F0 /* APIService.swift */; };
		21D9AE9425249E85009D00F0 /* APIManager.swift in Sources */ = {isa = PBXBuildFile; fileRef = 21D9AE9325249E85009D00F0 /* APIManager.swift */; };
		21D9AE9925249E98009D00F0 /* StatusCodeResponse.swift in Sources */ = {isa = PBXBuildFile; fileRef = 21D9AE9825249E98009D00F0 /* StatusCodeResponse.swift */; };
		21D9AE9E25249EA7009D00F0 /* CallbackResult.swift in Sources */ = {isa = PBXBuildFile; fileRef = 21D9AE9D25249EA7009D00F0 /* CallbackResult.swift */; };
		21D9AEA425249FA9009D00F0 /* reusableIdentifier.swift in Sources */ = {isa = PBXBuildFile; fileRef = 21D9AEA325249FA9009D00F0 /* reusableIdentifier.swift */; };
		21D9AEA92524A4B8009D00F0 /* DetailViewController.swift in Sources */ = {isa = PBXBuildFile; fileRef = 21D9AEA82524A4B8009D00F0 /* DetailViewController.swift */; };
		21D9AEB62525B83F009D00F0 /* Comment.swift in Sources */ = {isa = PBXBuildFile; fileRef = 21D9AEB52525B83F009D00F0 /* Comment.swift */; };
		21D9AEC72525BE27009D00F0 /* IndicatorView.swift in Sources */ = {isa = PBXBuildFile; fileRef = 21D9AEC62525BE27009D00F0 /* IndicatorView.swift */; };
		21D9AECC2525BE36009D00F0 /* IndicatorView.xib in Resources */ = {isa = PBXBuildFile; fileRef = 21D9AECB2525BE36009D00F0 /* IndicatorView.xib */; };
		21D9AED12525BFD2009D00F0 /* LoadingState.swift in Sources */ = {isa = PBXBuildFile; fileRef = 21D9AED02525BFD2009D00F0 /* LoadingState.swift */; };
		21E2202E2526F637009AC915 /* InfoCell.swift in Sources */ = {isa = PBXBuildFile; fileRef = 21E2202C2526F637009AC915 /* InfoCell.swift */; };
		21E2202F2526F637009AC915 /* InfoCell.xib in Resources */ = {isa = PBXBuildFile; fileRef = 21E2202D2526F637009AC915 /* InfoCell.xib */; };
		21E220382526F64D009AC915 /* SynopsisCell.swift in Sources */ = {isa = PBXBuildFile; fileRef = 21E220362526F64D009AC915 /* SynopsisCell.swift */; };
		21E220392526F64D009AC915 /* SynopsisCell.xib in Resources */ = {isa = PBXBuildFile; fileRef = 21E220372526F64D009AC915 /* SynopsisCell.xib */; };
		21E2203F2526F666009AC915 /* DirectorInfoCell.swift in Sources */ = {isa = PBXBuildFile; fileRef = 21E2203D2526F666009AC915 /* DirectorInfoCell.swift */; };
		21E220402526F666009AC915 /* DirectorInfoCell.xib in Resources */ = {isa = PBXBuildFile; fileRef = 21E2203E2526F666009AC915 /* DirectorInfoCell.xib */; };
		21E220462526F677009AC915 /* CommentsCell.swift in Sources */ = {isa = PBXBuildFile; fileRef = 21E220442526F677009AC915 /* CommentsCell.swift */; };
		21E220472526F677009AC915 /* CommentsCell.xib in Resources */ = {isa = PBXBuildFile; fileRef = 21E220452526F677009AC915 /* CommentsCell.xib */; };
		21E2204C25271073009AC915 /* safe .swift in Sources */ = {isa = PBXBuildFile; fileRef = 21E2204B25271072009AC915 /* safe .swift */; };
/* End PBXBuildFile section */

/* Begin PBXContainerItemProxy section */
		21D9AE4325249C86009D00F0 /* PBXContainerItemProxy */ = {
			isa = PBXContainerItemProxy;
			containerPortal = 21D9AE2425249C85009D00F0 /* Project object */;
			proxyType = 1;
			remoteGlobalIDString = 21D9AE2B25249C85009D00F0;
			remoteInfo = MovieListApp;
		};
		21D9AE4E25249C86009D00F0 /* PBXContainerItemProxy */ = {
			isa = PBXContainerItemProxy;
			containerPortal = 21D9AE2425249C85009D00F0 /* Project object */;
			proxyType = 1;
			remoteGlobalIDString = 21D9AE2B25249C85009D00F0;
			remoteInfo = MovieListApp;
		};
/* End PBXContainerItemProxy section */

/* Begin PBXFileReference section */
		21D9AE2C25249C85009D00F0 /* MovieListApp.app */ = {isa = PBXFileReference; explicitFileType = wrapper.application; includeInIndex = 0; path = MovieListApp.app; sourceTree = BUILT_PRODUCTS_DIR; };
		21D9AE2F25249C85009D00F0 /* AppDelegate.swift */ = {isa = PBXFileReference; lastKnownFileType = sourcecode.swift; path = AppDelegate.swift; sourceTree = "<group>"; };
		21D9AE3125249C85009D00F0 /* SceneDelegate.swift */ = {isa = PBXFileReference; lastKnownFileType = sourcecode.swift; path = SceneDelegate.swift; sourceTree = "<group>"; };
		21D9AE3625249C85009D00F0 /* Base */ = {isa = PBXFileReference; lastKnownFileType = file.storyboard; name = Base; path = Base.lproj/Main.storyboard; sourceTree = "<group>"; };
		21D9AE3825249C86009D00F0 /* Assets.xcassets */ = {isa = PBXFileReference; lastKnownFileType = folder.assetcatalog; path = Assets.xcassets; sourceTree = "<group>"; };
		21D9AE3B25249C86009D00F0 /* Base */ = {isa = PBXFileReference; lastKnownFileType = file.storyboard; name = Base; path = Base.lproj/LaunchScreen.storyboard; sourceTree = "<group>"; };
		21D9AE3D25249C86009D00F0 /* Info.plist */ = {isa = PBXFileReference; lastKnownFileType = text.plist.xml; path = Info.plist; sourceTree = "<group>"; };
		21D9AE4225249C86009D00F0 /* MovieListAppTests.xctest */ = {isa = PBXFileReference; explicitFileType = wrapper.cfbundle; includeInIndex = 0; path = MovieListAppTests.xctest; sourceTree = BUILT_PRODUCTS_DIR; };
		21D9AE4625249C86009D00F0 /* MovieListAppTests.swift */ = {isa = PBXFileReference; lastKnownFileType = sourcecode.swift; path = MovieListAppTests.swift; sourceTree = "<group>"; };
		21D9AE4825249C86009D00F0 /* Info.plist */ = {isa = PBXFileReference; lastKnownFileType = text.plist.xml; path = Info.plist; sourceTree = "<group>"; };
		21D9AE4D25249C86009D00F0 /* MovieListAppUITests.xctest */ = {isa = PBXFileReference; explicitFileType = wrapper.cfbundle; includeInIndex = 0; path = MovieListAppUITests.xctest; sourceTree = BUILT_PRODUCTS_DIR; };
		21D9AE5125249C86009D00F0 /* MovieListAppUITests.swift */ = {isa = PBXFileReference; lastKnownFileType = sourcecode.swift; path = MovieListAppUITests.swift; sourceTree = "<group>"; };
		21D9AE5325249C86009D00F0 /* Info.plist */ = {isa = PBXFileReference; lastKnownFileType = text.plist.xml; path = Info.plist; sourceTree = "<group>"; };
		21D9AE6825249D75009D00F0 /* CollectionViewController.swift */ = {isa = PBXFileReference; lastKnownFileType = sourcecode.swift; path = CollectionViewController.swift; sourceTree = "<group>"; };
		21D9AE7025249D7E009D00F0 /* TableViewController.swift */ = {isa = PBXFileReference; lastKnownFileType = sourcecode.swift; path = TableViewController.swift; sourceTree = "<group>"; };
		21D9AE7525249D91009D00F0 /* CollectionViewCell.swift */ = {isa = PBXFileReference; lastKnownFileType = sourcecode.swift; path = CollectionViewCell.swift; sourceTree = "<group>"; };
		21D9AE7625249D91009D00F0 /* CollectionViewCell.xib */ = {isa = PBXFileReference; lastKnownFileType = file.xib; path = CollectionViewCell.xib; sourceTree = "<group>"; };
		21D9AE7C25249D9F009D00F0 /* TableViewCell.swift */ = {isa = PBXFileReference; lastKnownFileType = sourcecode.swift; path = TableViewCell.swift; sourceTree = "<group>"; };
		21D9AE7D25249D9F009D00F0 /* TableViewCell.xib */ = {isa = PBXFileReference; lastKnownFileType = file.xib; path = TableViewCell.xib; sourceTree = "<group>"; };
		21D9AE8425249E4B009D00F0 /* MovieInfo.swift */ = {isa = PBXFileReference; lastKnownFileType = sourcecode.swift; path = MovieInfo.swift; sourceTree = "<group>"; };
		21D9AE8925249E62009D00F0 /* MovieData.swift */ = {isa = PBXFileReference; lastKnownFileType = sourcecode.swift; path = MovieData.swift; sourceTree = "<group>"; };
		21D9AE8E25249E7E009D00F0 /* APIService.swift */ = {isa = PBXFileReference; lastKnownFileType = sourcecode.swift; path = APIService.swift; sourceTree = "<group>"; };
		21D9AE9325249E85009D00F0 /* APIManager.swift */ = {isa = PBXFileReference; lastKnownFileType = sourcecode.swift; path = APIManager.swift; sourceTree = "<group>"; };
		21D9AE9825249E98009D00F0 /* StatusCodeResponse.swift */ = {isa = PBXFileReference; lastKnownFileType = sourcecode.swift; path = StatusCodeResponse.swift; sourceTree = "<group>"; };
		21D9AE9D25249EA7009D00F0 /* CallbackResult.swift */ = {isa = PBXFileReference; lastKnownFileType = sourcecode.swift; path = CallbackResult.swift; sourceTree = "<group>"; };
		21D9AEA325249FA9009D00F0 /* reusableIdentifier.swift */ = {isa = PBXFileReference; lastKnownFileType = sourcecode.swift; path = reusableIdentifier.swift; sourceTree = "<group>"; };
		21D9AEA82524A4B8009D00F0 /* DetailViewController.swift */ = {isa = PBXFileReference; lastKnownFileType = sourcecode.swift; path = DetailViewController.swift; sourceTree = "<group>"; };
		21D9AEB52525B83F009D00F0 /* Comment.swift */ = {isa = PBXFileReference; lastKnownFileType = sourcecode.swift; path = Comment.swift; sourceTree = "<group>"; };
		21D9AEC62525BE27009D00F0 /* IndicatorView.swift */ = {isa = PBXFileReference; lastKnownFileType = sourcecode.swift; path = IndicatorView.swift; sourceTree = "<group>"; };
		21D9AECB2525BE36009D00F0 /* IndicatorView.xib */ = {isa = PBXFileReference; lastKnownFileType = file.xib; path = IndicatorView.xib; sourceTree = "<group>"; };
		21D9AED02525BFD2009D00F0 /* LoadingState.swift */ = {isa = PBXFileReference; lastKnownFileType = sourcecode.swift; path = LoadingState.swift; sourceTree = "<group>"; };
		21E2202C2526F637009AC915 /* InfoCell.swift */ = {isa = PBXFileReference; lastKnownFileType = sourcecode.swift; path = InfoCell.swift; sourceTree = "<group>"; };
		21E2202D2526F637009AC915 /* InfoCell.xib */ = {isa = PBXFileReference; lastKnownFileType = file.xib; path = InfoCell.xib; sourceTree = "<group>"; };
		21E220362526F64D009AC915 /* SynopsisCell.swift */ = {isa = PBXFileReference; lastKnownFileType = sourcecode.swift; path = SynopsisCell.swift; sourceTree = "<group>"; };
		21E220372526F64D009AC915 /* SynopsisCell.xib */ = {isa = PBXFileReference; lastKnownFileType = file.xib; path = SynopsisCell.xib; sourceTree = "<group>"; };
		21E2203D2526F666009AC915 /* DirectorInfoCell.swift */ = {isa = PBXFileReference; lastKnownFileType = sourcecode.swift; path = DirectorInfoCell.swift; sourceTree = "<group>"; };
		21E2203E2526F666009AC915 /* DirectorInfoCell.xib */ = {isa = PBXFileReference; lastKnownFileType = file.xib; path = DirectorInfoCell.xib; sourceTree = "<group>"; };
		21E220442526F677009AC915 /* CommentsCell.swift */ = {isa = PBXFileReference; lastKnownFileType = sourcecode.swift; path = CommentsCell.swift; sourceTree = "<group>"; };
		21E220452526F677009AC915 /* CommentsCell.xib */ = {isa = PBXFileReference; lastKnownFileType = file.xib; path = CommentsCell.xib; sourceTree = "<group>"; };
		21E2204B25271072009AC915 /* safe .swift */ = {isa = PBXFileReference; lastKnownFileType = sourcecode.swift; path = "safe .swift"; sourceTree = "<group>"; };
/* End PBXFileReference section */

/* Begin PBXFrameworksBuildPhase section */
		21D9AE2925249C85009D00F0 /* Frameworks */ = {
			isa = PBXFrameworksBuildPhase;
			buildActionMask = 2147483647;
			files = (
			);
			runOnlyForDeploymentPostprocessing = 0;
		};
		21D9AE3F25249C86009D00F0 /* Frameworks */ = {
			isa = PBXFrameworksBuildPhase;
			buildActionMask = 2147483647;
			files = (
			);
			runOnlyForDeploymentPostprocessing = 0;
		};
		21D9AE4A25249C86009D00F0 /* Frameworks */ = {
			isa = PBXFrameworksBuildPhase;
			buildActionMask = 2147483647;
			files = (
			);
			runOnlyForDeploymentPostprocessing = 0;
		};
/* End PBXFrameworksBuildPhase section */

/* Begin PBXGroup section */
		2184BA6C2525FFA90042EA94 /*  DetailCustomCell */ = {
			isa = PBXGroup;
			children = (
				21E2202C2526F637009AC915 /* InfoCell.swift */,
				21E2202D2526F637009AC915 /* InfoCell.xib */,
				21E220362526F64D009AC915 /* SynopsisCell.swift */,
				21E220372526F64D009AC915 /* SynopsisCell.xib */,
				21E2203D2526F666009AC915 /* DirectorInfoCell.swift */,
				21E2203E2526F666009AC915 /* DirectorInfoCell.xib */,
				21E220442526F677009AC915 /* CommentsCell.swift */,
				21E220452526F677009AC915 /* CommentsCell.xib */,
			);
			path = " DetailCustomCell";
			sourceTree = "<group>";
		};
		21D9AE2325249C85009D00F0 = {
			isa = PBXGroup;
			children = (
				21D9AE2E25249C85009D00F0 /* MovieListApp */,
				21D9AE4525249C86009D00F0 /* MovieListAppTests */,
				21D9AE5025249C86009D00F0 /* MovieListAppUITests */,
				21D9AE2D25249C85009D00F0 /* Products */,
			);
			sourceTree = "<group>";
		};
		21D9AE2D25249C85009D00F0 /* Products */ = {
			isa = PBXGroup;
			children = (
				21D9AE2C25249C85009D00F0 /* MovieListApp.app */,
				21D9AE4225249C86009D00F0 /* MovieListAppTests.xctest */,
				21D9AE4D25249C86009D00F0 /* MovieListAppUITests.xctest */,
			);
			name = Products;
			sourceTree = "<group>";
		};
		21D9AE2E25249C85009D00F0 /* MovieListApp */ = {
			isa = PBXGroup;
			children = (
				21D9AEA225249F9E009D00F0 /* Extension */,
				21D9AE8325249E20009D00F0 /* Network */,
				21D9AE6725249D63009D00F0 /* Model */,
				21D9AE6625249D5F009D00F0 /* View */,
				21D9AE6525249D5A009D00F0 /* ViewController */,
				21D9AE2F25249C85009D00F0 /* AppDelegate.swift */,
				21D9AE3125249C85009D00F0 /* SceneDelegate.swift */,
				21D9AE3525249C85009D00F0 /* Main.storyboard */,
				21D9AE3825249C86009D00F0 /* Assets.xcassets */,
				21D9AE3A25249C86009D00F0 /* LaunchScreen.storyboard */,
				21D9AE3D25249C86009D00F0 /* Info.plist */,
			);
			path = MovieListApp;
			sourceTree = "<group>";
		};
		21D9AE4525249C86009D00F0 /* MovieListAppTests */ = {
			isa = PBXGroup;
			children = (
				21D9AE4625249C86009D00F0 /* MovieListAppTests.swift */,
				21D9AE4825249C86009D00F0 /* Info.plist */,
			);
			path = MovieListAppTests;
			sourceTree = "<group>";
		};
		21D9AE5025249C86009D00F0 /* MovieListAppUITests */ = {
			isa = PBXGroup;
			children = (
				21D9AE5125249C86009D00F0 /* MovieListAppUITests.swift */,
				21D9AE5325249C86009D00F0 /* Info.plist */,
			);
			path = MovieListAppUITests;
			sourceTree = "<group>";
		};
		21D9AE6525249D5A009D00F0 /* ViewController */ = {
			isa = PBXGroup;
			children = (
				21D9AE6825249D75009D00F0 /* CollectionViewController.swift */,
				21D9AE7025249D7E009D00F0 /* TableViewController.swift */,
				21D9AEA82524A4B8009D00F0 /* DetailViewController.swift */,
			);
			path = ViewController;
			sourceTree = "<group>";
		};
		21D9AE6625249D5F009D00F0 /* View */ = {
			isa = PBXGroup;
			children = (
				2184BA6C2525FFA90042EA94 /*  DetailCustomCell */,
				21D9AE7525249D91009D00F0 /* CollectionViewCell.swift */,
				21D9AE7625249D91009D00F0 /* CollectionViewCell.xib */,
				21D9AE7C25249D9F009D00F0 /* TableViewCell.swift */,
				21D9AE7D25249D9F009D00F0 /* TableViewCell.xib */,
				21D9AEC62525BE27009D00F0 /* IndicatorView.swift */,
				21D9AECB2525BE36009D00F0 /* IndicatorView.xib */,
			);
			path = View;
			sourceTree = "<group>";
		};
		21D9AE6725249D63009D00F0 /* Model */ = {
			isa = PBXGroup;
			children = (
				21D9AE8425249E4B009D00F0 /* MovieInfo.swift */,
				21D9AE8925249E62009D00F0 /* MovieData.swift */,
				21D9AEB52525B83F009D00F0 /* Comment.swift */,
			);
			path = Model;
			sourceTree = "<group>";
		};
		21D9AE8325249E20009D00F0 /* Network */ = {
			isa = PBXGroup;
			children = (
				21D9AE8E25249E7E009D00F0 /* APIService.swift */,
				21D9AE9325249E85009D00F0 /* APIManager.swift */,
				21D9AE9825249E98009D00F0 /* StatusCodeResponse.swift */,
				21D9AE9D25249EA7009D00F0 /* CallbackResult.swift */,
				21D9AED02525BFD2009D00F0 /* LoadingState.swift */,
			);
			path = Network;
			sourceTree = "<group>";
		};
		21D9AEA225249F9E009D00F0 /* Extension */ = {
			isa = PBXGroup;
			children = (
				21D9AEA325249FA9009D00F0 /* reusableIdentifier.swift */,
				21E2204B25271072009AC915 /* safe .swift */,
			);
			path = Extension;
			sourceTree = "<group>";
		};
/* End PBXGroup section */

/* Begin PBXNativeTarget section */
		21D9AE2B25249C85009D00F0 /* MovieListApp */ = {
			isa = PBXNativeTarget;
			buildConfigurationList = 21D9AE5625249C86009D00F0 /* Build configuration list for PBXNativeTarget "MovieListApp" */;
			buildPhases = (
				21D9AE2825249C85009D00F0 /* Sources */,
				21D9AE2925249C85009D00F0 /* Frameworks */,
				21D9AE2A25249C85009D00F0 /* Resources */,
			);
			buildRules = (
			);
			dependencies = (
			);
			name = MovieListApp;
			productName = MovieListApp;
			productReference = 21D9AE2C25249C85009D00F0 /* MovieListApp.app */;
			productType = "com.apple.product-type.application";
		};
		21D9AE4125249C86009D00F0 /* MovieListAppTests */ = {
			isa = PBXNativeTarget;
			buildConfigurationList = 21D9AE5925249C86009D00F0 /* Build configuration list for PBXNativeTarget "MovieListAppTests" */;
			buildPhases = (
				21D9AE3E25249C86009D00F0 /* Sources */,
				21D9AE3F25249C86009D00F0 /* Frameworks */,
				21D9AE4025249C86009D00F0 /* Resources */,
			);
			buildRules = (
			);
			dependencies = (
				21D9AE4425249C86009D00F0 /* PBXTargetDependency */,
			);
			name = MovieListAppTests;
			productName = MovieListAppTests;
			productReference = 21D9AE4225249C86009D00F0 /* MovieListAppTests.xctest */;
			productType = "com.apple.product-type.bundle.unit-test";
		};
		21D9AE4C25249C86009D00F0 /* MovieListAppUITests */ = {
			isa = PBXNativeTarget;
			buildConfigurationList = 21D9AE5C25249C86009D00F0 /* Build configuration list for PBXNativeTarget "MovieListAppUITests" */;
			buildPhases = (
				21D9AE4925249C86009D00F0 /* Sources */,
				21D9AE4A25249C86009D00F0 /* Frameworks */,
				21D9AE4B25249C86009D00F0 /* Resources */,
			);
			buildRules = (
			);
			dependencies = (
				21D9AE4F25249C86009D00F0 /* PBXTargetDependency */,
			);
			name = MovieListAppUITests;
			productName = MovieListAppUITests;
			productReference = 21D9AE4D25249C86009D00F0 /* MovieListAppUITests.xctest */;
			productType = "com.apple.product-type.bundle.ui-testing";
		};
/* End PBXNativeTarget section */

/* Begin PBXProject section */
		21D9AE2425249C85009D00F0 /* Project object */ = {
			isa = PBXProject;
			attributes = {
				LastSwiftUpdateCheck = 1200;
				LastUpgradeCheck = 1200;
				TargetAttributes = {
					21D9AE2B25249C85009D00F0 = {
						CreatedOnToolsVersion = 12.0;
					};
					21D9AE4125249C86009D00F0 = {
						CreatedOnToolsVersion = 12.0;
						TestTargetID = 21D9AE2B25249C85009D00F0;
					};
					21D9AE4C25249C86009D00F0 = {
						CreatedOnToolsVersion = 12.0;
						TestTargetID = 21D9AE2B25249C85009D00F0;
					};
				};
			};
			buildConfigurationList = 21D9AE2725249C85009D00F0 /* Build configuration list for PBXProject "MovieListApp" */;
			compatibilityVersion = "Xcode 9.3";
			developmentRegion = en;
			hasScannedForEncodings = 0;
			knownRegions = (
				en,
				Base,
			);
			mainGroup = 21D9AE2325249C85009D00F0;
			productRefGroup = 21D9AE2D25249C85009D00F0 /* Products */;
			projectDirPath = "";
			projectRoot = "";
			targets = (
				21D9AE2B25249C85009D00F0 /* MovieListApp */,
				21D9AE4125249C86009D00F0 /* MovieListAppTests */,
				21D9AE4C25249C86009D00F0 /* MovieListAppUITests */,
			);
		};
/* End PBXProject section */

/* Begin PBXResourcesBuildPhase section */
		21D9AE2A25249C85009D00F0 /* Resources */ = {
			isa = PBXResourcesBuildPhase;
			buildActionMask = 2147483647;
			files = (
				21D9AE3C25249C86009D00F0 /* LaunchScreen.storyboard in Resources */,
				21E220392526F64D009AC915 /* SynopsisCell.xib in Resources */,
				21E2202F2526F637009AC915 /* InfoCell.xib in Resources */,
				21D9AE7F25249D9F009D00F0 /* TableViewCell.xib in Resources */,
				21E220402526F666009AC915 /* DirectorInfoCell.xib in Resources */,
				21D9AE3925249C86009D00F0 /* Assets.xcassets in Resources */,
				21D9AE7825249D91009D00F0 /* CollectionViewCell.xib in Resources */,
				21D9AECC2525BE36009D00F0 /* IndicatorView.xib in Resources */,
				21D9AE3725249C85009D00F0 /* Main.storyboard in Resources */,
				21E220472526F677009AC915 /* CommentsCell.xib in Resources */,
			);
			runOnlyForDeploymentPostprocessing = 0;
		};
		21D9AE4025249C86009D00F0 /* Resources */ = {
			isa = PBXResourcesBuildPhase;
			buildActionMask = 2147483647;
			files = (
			);
			runOnlyForDeploymentPostprocessing = 0;
		};
		21D9AE4B25249C86009D00F0 /* Resources */ = {
			isa = PBXResourcesBuildPhase;
			buildActionMask = 2147483647;
			files = (
			);
			runOnlyForDeploymentPostprocessing = 0;
		};
/* End PBXResourcesBuildPhase section */

/* Begin PBXSourcesBuildPhase section */
		21D9AE2825249C85009D00F0 /* Sources */ = {
			isa = PBXSourcesBuildPhase;
			buildActionMask = 2147483647;
			files = (
				21D9AE8525249E4B009D00F0 /* MovieInfo.swift in Sources */,
				21E2203F2526F666009AC915 /* DirectorInfoCell.swift in Sources */,
				21D9AED12525BFD2009D00F0 /* LoadingState.swift in Sources */,
				21D9AE7725249D91009D00F0 /* CollectionViewCell.swift in Sources */,
				21D9AE9425249E85009D00F0 /* APIManager.swift in Sources */,
				21D9AE6925249D75009D00F0 /* CollectionViewController.swift in Sources */,
				21E2202E2526F637009AC915 /* InfoCell.swift in Sources */,
				21D9AE3025249C85009D00F0 /* AppDelegate.swift in Sources */,
				21D9AE8A25249E62009D00F0 /* MovieData.swift in Sources */,
				21D9AEC72525BE27009D00F0 /* IndicatorView.swift in Sources */,
				21E220382526F64D009AC915 /* SynopsisCell.swift in Sources */,
				21D9AE7E25249D9F009D00F0 /* TableViewCell.swift in Sources */,
				21D9AE9E25249EA7009D00F0 /* CallbackResult.swift in Sources */,
				21E220462526F677009AC915 /* CommentsCell.swift in Sources */,
				21D9AE9925249E98009D00F0 /* StatusCodeResponse.swift in Sources */,
				21D9AE3225249C85009D00F0 /* SceneDelegate.swift in Sources */,
				21D9AEB62525B83F009D00F0 /* Comment.swift in Sources */,
				21E2204C25271073009AC915 /* safe .swift in Sources */,
				21D9AE8F25249E7E009D00F0 /* APIService.swift in Sources */,
				21D9AEA425249FA9009D00F0 /* reusableIdentifier.swift in Sources */,
				21D9AE7125249D7E009D00F0 /* TableViewController.swift in Sources */,
				21D9AEA92524A4B8009D00F0 /* DetailViewController.swift in Sources */,
			);
			runOnlyForDeploymentPostprocessing = 0;
		};
		21D9AE3E25249C86009D00F0 /* Sources */ = {
			isa = PBXSourcesBuildPhase;
			buildActionMask = 2147483647;
			files = (
				21D9AE4725249C86009D00F0 /* MovieListAppTests.swift in Sources */,
			);
			runOnlyForDeploymentPostprocessing = 0;
		};
		21D9AE4925249C86009D00F0 /* Sources */ = {
			isa = PBXSourcesBuildPhase;
			buildActionMask = 2147483647;
			files = (
				21D9AE5225249C86009D00F0 /* MovieListAppUITests.swift in Sources */,
			);
			runOnlyForDeploymentPostprocessing = 0;
		};
/* End PBXSourcesBuildPhase section */

/* Begin PBXTargetDependency section */
		21D9AE4425249C86009D00F0 /* PBXTargetDependency */ = {
			isa = PBXTargetDependency;
			target = 21D9AE2B25249C85009D00F0 /* MovieListApp */;
			targetProxy = 21D9AE4325249C86009D00F0 /* PBXContainerItemProxy */;
		};
		21D9AE4F25249C86009D00F0 /* PBXTargetDependency */ = {
			isa = PBXTargetDependency;
			target = 21D9AE2B25249C85009D00F0 /* MovieListApp */;
			targetProxy = 21D9AE4E25249C86009D00F0 /* PBXContainerItemProxy */;
		};
/* End PBXTargetDependency section */

/* Begin PBXVariantGroup section */
		21D9AE3525249C85009D00F0 /* Main.storyboard */ = {
			isa = PBXVariantGroup;
			children = (
				21D9AE3625249C85009D00F0 /* Base */,
			);
			name = Main.storyboard;
			sourceTree = "<group>";
		};
		21D9AE3A25249C86009D00F0 /* LaunchScreen.storyboard */ = {
			isa = PBXVariantGroup;
			children = (
				21D9AE3B25249C86009D00F0 /* Base */,
			);
			name = LaunchScreen.storyboard;
			sourceTree = "<group>";
		};
/* End PBXVariantGroup section */

/* Begin XCBuildConfiguration section */
		21D9AE5425249C86009D00F0 /* Debug */ = {
			isa = XCBuildConfiguration;
			buildSettings = {
				ALWAYS_SEARCH_USER_PATHS = NO;
				CLANG_ANALYZER_NONNULL = YES;
				CLANG_ANALYZER_NUMBER_OBJECT_CONVERSION = YES_AGGRESSIVE;
				CLANG_CXX_LANGUAGE_STANDARD = "gnu++14";
				CLANG_CXX_LIBRARY = "libc++";
				CLANG_ENABLE_MODULES = YES;
				CLANG_ENABLE_OBJC_ARC = YES;
				CLANG_ENABLE_OBJC_WEAK = YES;
				CLANG_WARN_BLOCK_CAPTURE_AUTORELEASING = YES;
				CLANG_WARN_BOOL_CONVERSION = YES;
				CLANG_WARN_COMMA = YES;
				CLANG_WARN_CONSTANT_CONVERSION = YES;
				CLANG_WARN_DEPRECATED_OBJC_IMPLEMENTATIONS = YES;
				CLANG_WARN_DIRECT_OBJC_ISA_USAGE = YES_ERROR;
				CLANG_WARN_DOCUMENTATION_COMMENTS = YES;
				CLANG_WARN_EMPTY_BODY = YES;
				CLANG_WARN_ENUM_CONVERSION = YES;
				CLANG_WARN_INFINITE_RECURSION = YES;
				CLANG_WARN_INT_CONVERSION = YES;
				CLANG_WARN_NON_LITERAL_NULL_CONVERSION = YES;
				CLANG_WARN_OBJC_IMPLICIT_RETAIN_SELF = YES;
				CLANG_WARN_OBJC_LITERAL_CONVERSION = YES;
				CLANG_WARN_OBJC_ROOT_CLASS = YES_ERROR;
				CLANG_WARN_QUOTED_INCLUDE_IN_FRAMEWORK_HEADER = YES;
				CLANG_WARN_RANGE_LOOP_ANALYSIS = YES;
				CLANG_WARN_STRICT_PROTOTYPES = YES;
				CLANG_WARN_SUSPICIOUS_MOVE = YES;
				CLANG_WARN_UNGUARDED_AVAILABILITY = YES_AGGRESSIVE;
				CLANG_WARN_UNREACHABLE_CODE = YES;
				CLANG_WARN__DUPLICATE_METHOD_MATCH = YES;
				COPY_PHASE_STRIP = NO;
				DEBUG_INFORMATION_FORMAT = dwarf;
				ENABLE_STRICT_OBJC_MSGSEND = YES;
				ENABLE_TESTABILITY = YES;
				GCC_C_LANGUAGE_STANDARD = gnu11;
				GCC_DYNAMIC_NO_PIC = NO;
				GCC_NO_COMMON_BLOCKS = YES;
				GCC_OPTIMIZATION_LEVEL = 0;
				GCC_PREPROCESSOR_DEFINITIONS = (
					"DEBUG=1",
					"$(inherited)",
				);
				GCC_WARN_64_TO_32_BIT_CONVERSION = YES;
				GCC_WARN_ABOUT_RETURN_TYPE = YES_ERROR;
				GCC_WARN_UNDECLARED_SELECTOR = YES;
				GCC_WARN_UNINITIALIZED_AUTOS = YES_AGGRESSIVE;
				GCC_WARN_UNUSED_FUNCTION = YES;
				GCC_WARN_UNUSED_VARIABLE = YES;
				IPHONEOS_DEPLOYMENT_TARGET = 14.0;
				MTL_ENABLE_DEBUG_INFO = INCLUDE_SOURCE;
				MTL_FAST_MATH = YES;
				ONLY_ACTIVE_ARCH = YES;
				SDKROOT = iphoneos;
				SWIFT_ACTIVE_COMPILATION_CONDITIONS = DEBUG;
				SWIFT_OPTIMIZATION_LEVEL = "-Onone";
			};
			name = Debug;
		};
		21D9AE5525249C86009D00F0 /* Release */ = {
			isa = XCBuildConfiguration;
			buildSettings = {
				ALWAYS_SEARCH_USER_PATHS = NO;
				CLANG_ANALYZER_NONNULL = YES;
				CLANG_ANALYZER_NUMBER_OBJECT_CONVERSION = YES_AGGRESSIVE;
				CLANG_CXX_LANGUAGE_STANDARD = "gnu++14";
				CLANG_CXX_LIBRARY = "libc++";
				CLANG_ENABLE_MODULES = YES;
				CLANG_ENABLE_OBJC_ARC = YES;
				CLANG_ENABLE_OBJC_WEAK = YES;
				CLANG_WARN_BLOCK_CAPTURE_AUTORELEASING = YES;
				CLANG_WARN_BOOL_CONVERSION = YES;
				CLANG_WARN_COMMA = YES;
				CLANG_WARN_CONSTANT_CONVERSION = YES;
				CLANG_WARN_DEPRECATED_OBJC_IMPLEMENTATIONS = YES;
				CLANG_WARN_DIRECT_OBJC_ISA_USAGE = YES_ERROR;
				CLANG_WARN_DOCUMENTATION_COMMENTS = YES;
				CLANG_WARN_EMPTY_BODY = YES;
				CLANG_WARN_ENUM_CONVERSION = YES;
				CLANG_WARN_INFINITE_RECURSION = YES;
				CLANG_WARN_INT_CONVERSION = YES;
				CLANG_WARN_NON_LITERAL_NULL_CONVERSION = YES;
				CLANG_WARN_OBJC_IMPLICIT_RETAIN_SELF = YES;
				CLANG_WARN_OBJC_LITERAL_CONVERSION = YES;
				CLANG_WARN_OBJC_ROOT_CLASS = YES_ERROR;
				CLANG_WARN_QUOTED_INCLUDE_IN_FRAMEWORK_HEADER = YES;
				CLANG_WARN_RANGE_LOOP_ANALYSIS = YES;
				CLANG_WARN_STRICT_PROTOTYPES = YES;
				CLANG_WARN_SUSPICIOUS_MOVE = YES;
				CLANG_WARN_UNGUARDED_AVAILABILITY = YES_AGGRESSIVE;
				CLANG_WARN_UNREACHABLE_CODE = YES;
				CLANG_WARN__DUPLICATE_METHOD_MATCH = YES;
				COPY_PHASE_STRIP = NO;
				DEBUG_INFORMATION_FORMAT = "dwarf-with-dsym";
				ENABLE_NS_ASSERTIONS = NO;
				ENABLE_STRICT_OBJC_MSGSEND = YES;
				GCC_C_LANGUAGE_STANDARD = gnu11;
				GCC_NO_COMMON_BLOCKS = YES;
				GCC_WARN_64_TO_32_BIT_CONVERSION = YES;
				GCC_WARN_ABOUT_RETURN_TYPE = YES_ERROR;
				GCC_WARN_UNDECLARED_SELECTOR = YES;
				GCC_WARN_UNINITIALIZED_AUTOS = YES_AGGRESSIVE;
				GCC_WARN_UNUSED_FUNCTION = YES;
				GCC_WARN_UNUSED_VARIABLE = YES;
				IPHONEOS_DEPLOYMENT_TARGET = 14.0;
				MTL_ENABLE_DEBUG_INFO = NO;
				MTL_FAST_MATH = YES;
				SDKROOT = iphoneos;
				SWIFT_COMPILATION_MODE = wholemodule;
				SWIFT_OPTIMIZATION_LEVEL = "-O";
				VALIDATE_PRODUCT = YES;
			};
			name = Release;
		};
		21D9AE5725249C86009D00F0 /* Debug */ = {
			isa = XCBuildConfiguration;
			buildSettings = {
				ASSETCATALOG_COMPILER_APPICON_NAME = AppIcon;
				ASSETCATALOG_COMPILER_GLOBAL_ACCENT_COLOR_NAME = AccentColor;
				CODE_SIGN_STYLE = Automatic;
				DEVELOPMENT_TEAM = AU24ZRJ649;
				INFOPLIST_FILE = MovieListApp/Info.plist;
				LD_RUNPATH_SEARCH_PATHS = (
					"$(inherited)",
					"@executable_path/Frameworks",
				);
				PRODUCT_BUNDLE_IDENTIFIER = "gommj-Dev.MovieListApp";
				PRODUCT_NAME = "$(TARGET_NAME)";
				SWIFT_VERSION = 5.0;
				TARGETED_DEVICE_FAMILY = "1,2";
			};
			name = Debug;
		};
		21D9AE5825249C86009D00F0 /* Release */ = {
			isa = XCBuildConfiguration;
			buildSettings = {
				ASSETCATALOG_COMPILER_APPICON_NAME = AppIcon;
				ASSETCATALOG_COMPILER_GLOBAL_ACCENT_COLOR_NAME = AccentColor;
				CODE_SIGN_STYLE = Automatic;
				DEVELOPMENT_TEAM = AU24ZRJ649;
				INFOPLIST_FILE = MovieListApp/Info.plist;
				LD_RUNPATH_SEARCH_PATHS = (
					"$(inherited)",
					"@executable_path/Frameworks",
				);
				PRODUCT_BUNDLE_IDENTIFIER = "gommj-Dev.MovieListApp";
				PRODUCT_NAME = "$(TARGET_NAME)";
				SWIFT_VERSION = 5.0;
				TARGETED_DEVICE_FAMILY = "1,2";
			};
			name = Release;
		};
		21D9AE5A25249C86009D00F0 /* Debug */ = {
			isa = XCBuildConfiguration;
			buildSettings = {
				ALWAYS_EMBED_SWIFT_STANDARD_LIBRARIES = YES;
				BUNDLE_LOADER = "$(TEST_HOST)";
				CODE_SIGN_STYLE = Automatic;
				DEVELOPMENT_TEAM = AU24ZRJ649;
				INFOPLIST_FILE = MovieListAppTests/Info.plist;
				IPHONEOS_DEPLOYMENT_TARGET = 14.0;
				LD_RUNPATH_SEARCH_PATHS = (
					"$(inherited)",
					"@executable_path/Frameworks",
					"@loader_path/Frameworks",
				);
				PRODUCT_BUNDLE_IDENTIFIER = "gommj-Dev.MovieListAppTests";
				PRODUCT_NAME = "$(TARGET_NAME)";
				SWIFT_VERSION = 5.0;
				TARGETED_DEVICE_FAMILY = "1,2";
				TEST_HOST = "$(BUILT_PRODUCTS_DIR)/MovieListApp.app/MovieListApp";
			};
			name = Debug;
		};
		21D9AE5B25249C86009D00F0 /* Release */ = {
			isa = XCBuildConfiguration;
			buildSettings = {
				ALWAYS_EMBED_SWIFT_STANDARD_LIBRARIES = YES;
				BUNDLE_LOADER = "$(TEST_HOST)";
				CODE_SIGN_STYLE = Automatic;
				DEVELOPMENT_TEAM = AU24ZRJ649;
				INFOPLIST_FILE = MovieListAppTests/Info.plist;
				IPHONEOS_DEPLOYMENT_TARGET = 14.0;
				LD_RUNPATH_SEARCH_PATHS = (
					"$(inherited)",
					"@executable_path/Frameworks",
					"@loader_path/Frameworks",
				);
				PRODUCT_BUNDLE_IDENTIFIER = "gommj-Dev.MovieListAppTests";
				PRODUCT_NAME = "$(TARGET_NAME)";
				SWIFT_VERSION = 5.0;
				TARGETED_DEVICE_FAMILY = "1,2";
				TEST_HOST = "$(BUILT_PRODUCTS_DIR)/MovieListApp.app/MovieListApp";
			};
			name = Release;
		};
		21D9AE5D25249C86009D00F0 /* Debug */ = {
			isa = XCBuildConfiguration;
			buildSettings = {
				ALWAYS_EMBED_SWIFT_STANDARD_LIBRARIES = YES;
				CODE_SIGN_STYLE = Automatic;
				DEVELOPMENT_TEAM = AU24ZRJ649;
				INFOPLIST_FILE = MovieListAppUITests/Info.plist;
				LD_RUNPATH_SEARCH_PATHS = (
					"$(inherited)",
					"@executable_path/Frameworks",
					"@loader_path/Frameworks",
				);
				PRODUCT_BUNDLE_IDENTIFIER = "gommj-Dev.MovieListAppUITests";
				PRODUCT_NAME = "$(TARGET_NAME)";
				SWIFT_VERSION = 5.0;
				TARGETED_DEVICE_FAMILY = "1,2";
				TEST_TARGET_NAME = MovieListApp;
			};
			name = Debug;
		};
		21D9AE5E25249C86009D00F0 /* Release */ = {
			isa = XCBuildConfiguration;
			buildSettings = {
				ALWAYS_EMBED_SWIFT_STANDARD_LIBRARIES = YES;
				CODE_SIGN_STYLE = Automatic;
				DEVELOPMENT_TEAM = AU24ZRJ649;
				INFOPLIST_FILE = MovieListAppUITests/Info.plist;
				LD_RUNPATH_SEARCH_PATHS = (
					"$(inherited)",
					"@executable_path/Frameworks",
					"@loader_path/Frameworks",
				);
				PRODUCT_BUNDLE_IDENTIFIER = "gommj-Dev.MovieListAppUITests";
				PRODUCT_NAME = "$(TARGET_NAME)";
				SWIFT_VERSION = 5.0;
				TARGETED_DEVICE_FAMILY = "1,2";
				TEST_TARGET_NAME = MovieListApp;
			};
			name = Release;
		};
/* End XCBuildConfiguration section */

/* Begin XCConfigurationList section */
		21D9AE2725249C85009D00F0 /* Build configuration list for PBXProject "MovieListApp" */ = {
			isa = XCConfigurationList;
			buildConfigurations = (
				21D9AE5425249C86009D00F0 /* Debug */,
				21D9AE5525249C86009D00F0 /* Release */,
			);
			defaultConfigurationIsVisible = 0;
			defaultConfigurationName = Release;
		};
		21D9AE5625249C86009D00F0 /* Build configuration list for PBXNativeTarget "MovieListApp" */ = {
			isa = XCConfigurationList;
			buildConfigurations = (
				21D9AE5725249C86009D00F0 /* Debug */,
				21D9AE5825249C86009D00F0 /* Release */,
			);
			defaultConfigurationIsVisible = 0;
			defaultConfigurationName = Release;
		};
		21D9AE5925249C86009D00F0 /* Build configuration list for PBXNativeTarget "MovieListAppTests" */ = {
			isa = XCConfigurationList;
			buildConfigurations = (
				21D9AE5A25249C86009D00F0 /* Debug */,
				21D9AE5B25249C86009D00F0 /* Release */,
			);
			defaultConfigurationIsVisible = 0;
			defaultConfigurationName = Release;
		};
		21D9AE5C25249C86009D00F0 /* Build configuration list for PBXNativeTarget "MovieListAppUITests" */ = {
			isa = XCConfigurationList;
			buildConfigurations = (
				21D9AE5D25249C86009D00F0 /* Debug */,
				21D9AE5E25249C86009D00F0 /* Release */,
			);
			defaultConfigurationIsVisible = 0;
			defaultConfigurationName = Release;
		};
/* End XCConfigurationList section */
	};
	rootObject = 21D9AE2425249C85009D00F0 /* Project object */;
}
